
Microsoft Visual Studio Solution File, Format Version 12.00
# Visual Studio Version 17
VisualStudioVersion = 17.6.33712.159
MinimumVisualStudioVersion = 10.0.40219.1
Project("{9A19103F-16F7-4668-BE54-9A1E7A4F7556}") = "m1r0n0.TaskPlanner.ConsoleRunner", "m1r0n0.TaskPlanner.ConsoleRunner\m1r0n0.TaskPlanner.ConsoleRunner.csproj", "{5DE97D20-B9F7-4F38-8373-92F1138BBD44}"
EndProject
Project("{9A19103F-16F7-4668-BE54-9A1E7A4F7556}") = "m1r0n0.TaskPlanner.Domain.Models", "m1r0n0.TaskPlanner.Domain.Models\m1r0n0.TaskPlanner.Domain.Models.csproj", "{6BB5EAB3-2190-45D0-910E-5B1580A8025E}"
EndProject
Project("{9A19103F-16F7-4668-BE54-9A1E7A4F7556}") = "m1r0n0.TaskPlanner.Domain.Logic", "m1r0n0.TaskPlanner.Domain.Logic\m1r0n0.TaskPlanner.Domain.Logic.csproj", "{0F11F685-1B64-4A1E-A7AA-CCD1EDC512C1}"
EndProject
Project("{FAE04EC0-301F-11D3-BF4B-00C04F79EFBC}") = "m1r0n0.TaskPlanner.DataAccess.Abstractions", "m1r0n0.TaskPlanner.DataAccess.Abstractions\m1r0n0.TaskPlanner.DataAccess.Abstractions.csproj", "{5B3A493F-8A8B-4875-AF18-A8A5E5A3C835}"
EndProject
Project("{FAE04EC0-301F-11D3-BF4B-00C04F79EFBC}") = "m1r0n0.TaskPlanner.DataAccess", "m1r0n0.TaskPlanner.DataAccess\m1r0n0.TaskPlanner.DataAccess.csproj", "{27CD8074-D163-43BB-BD16-DDEE25CD20AE}"
EndProject
Global
	GlobalSection(SolutionConfigurationPlatforms) = preSolution
		Debug|Any CPU = Debug|Any CPU
		Release|Any CPU = Release|Any CPU
	EndGlobalSection
	GlobalSection(ProjectConfigurationPlatforms) = postSolution
		{5DE97D20-B9F7-4F38-8373-92F1138BBD44}.Debug|Any CPU.ActiveCfg = Debug|Any CPU
		{5DE97D20-B9F7-4F38-8373-92F1138BBD44}.Debug|Any CPU.Build.0 = Debug|Any CPU
		{5DE97D20-B9F7-4F38-8373-92F1138BBD44}.Release|Any CPU.ActiveCfg = Release|Any CPU
		{5DE97D20-B9F7-4F38-8373-92F1138BBD44}.Release|Any CPU.Build.0 = Release|Any CPU
		{6BB5EAB3-2190-45D0-910E-5B1580A8025E}.Debug|Any CPU.ActiveCfg = Debug|Any CPU
		{6BB5EAB3-2190-45D0-910E-5B1580A8025E}.Debug|Any CPU.Build.0 = Debug|Any CPU
		{6BB5EAB3-2190-45D0-910E-5B1580A8025E}.Release|Any CPU.ActiveCfg = Release|Any CPU
		{6BB5EAB3-2190-45D0-910E-5B1580A8025E}.Release|Any CPU.Build.0 = Release|Any CPU
		{0F11F685-1B64-4A1E-A7AA-CCD1EDC512C1}.Debug|Any CPU.ActiveCfg = Debug|Any CPU
		{0F11F685-1B64-4A1E-A7AA-CCD1EDC512C1}.Debug|Any CPU.Build.0 = Debug|Any CPU
		{0F11F685-1B64-4A1E-A7AA-CCD1EDC512C1}.Release|Any CPU.ActiveCfg = Release|Any CPU
		{0F11F685-1B64-4A1E-A7AA-CCD1EDC512C1}.Release|Any CPU.Build.0 = Release|Any CPU
		{5B3A493F-8A8B-4875-AF18-A8A5E5A3C835}.Debug|Any CPU.ActiveCfg = Debug|Any CPU
		{5B3A493F-8A8B-4875-AF18-A8A5E5A3C835}.Debug|Any CPU.Build.0 = Debug|Any CPU
		{5B3A493F-8A8B-4875-AF18-A8A5E5A3C835}.Release|Any CPU.ActiveCfg = Release|Any CPU
		{5B3A493F-8A8B-4875-AF18-A8A5E5A3C835}.Release|Any CPU.Build.0 = Release|Any CPU
		{27CD8074-D163-43BB-BD16-DDEE25CD20AE}.Debug|Any CPU.ActiveCfg = Debug|Any CPU
		{27CD8074-D163-43BB-BD16-DDEE25CD20AE}.Debug|Any CPU.Build.0 = Debug|Any CPU
		{27CD8074-D163-43BB-BD16-DDEE25CD20AE}.Release|Any CPU.ActiveCfg = Release|Any CPU
		{27CD8074-D163-43BB-BD16-DDEE25CD20AE}.Release|Any CPU.Build.0 = Release|Any CPU
	EndGlobalSection
	GlobalSection(SolutionProperties) = preSolution
		HideSolutionNode = FALSE
	EndGlobalSection
	GlobalSection(ExtensibilityGlobals) = postSolution
		SolutionGuid = {47597135-AAA0-45DF-98B5-485DD289856A}
	EndGlobalSection
EndGlobal
